
Microsoft Visual Studio Solution File, Format Version 12.00
# Visual Studio Version 16
VisualStudioVersion = 16.0.31911.196
MinimumVisualStudioVersion = 10.0.40219.1
Project("{FAE04EC0-301F-11D3-BF4B-00C04F79EFBC}") = "WCFServicioRecicladoBotellas", "WCFServicioRecicladoBotellas\WCFServicioRecicladoBotellas.csproj", "{B0ACE1FE-9F5B-4956-AECF-579869EC4A31}"
EndProject
Project("{FAE04EC0-301F-11D3-BF4B-00C04F79EFBC}") = "WASimuladorSiu", "WASimuladorSiu\WASimuladorSiu.csproj", "{D39A395A-07BD-4032-B139-4128E5ACF50E}"
	ProjectSection(ProjectDependencies) = postProject
		{B0ACE1FE-9F5B-4956-AECF-579869EC4A31} = {B0ACE1FE-9F5B-4956-AECF-579869EC4A31}
	EndProjectSection
EndProject
Project("{FAE04EC0-301F-11D3-BF4B-00C04F79EFBC}") = "WPFSimuladorMaquina", "WPFSimuladorMaquina\WPFSimuladorMaquina.csproj", "{081A0ABA-BF3D-4DF8-ABA8-982E15C969A1}"
	ProjectSection(ProjectDependencies) = postProject
		{B0ACE1FE-9F5B-4956-AECF-579869EC4A31} = {B0ACE1FE-9F5B-4956-AECF-579869EC4A31}
	EndProjectSection
EndProject
Global
	GlobalSection(SolutionConfigurationPlatforms) = preSolution
		Debug|Any CPU = Debug|Any CPU
		Release|Any CPU = Release|Any CPU
	EndGlobalSection
	GlobalSection(ProjectConfigurationPlatforms) = postSolution
		{B0ACE1FE-9F5B-4956-AECF-579869EC4A31}.Debug|Any CPU.ActiveCfg = Debug|Any CPU
		{B0ACE1FE-9F5B-4956-AECF-579869EC4A31}.Debug|Any CPU.Build.0 = Debug|Any CPU
		{B0ACE1FE-9F5B-4956-AECF-579869EC4A31}.Release|Any CPU.ActiveCfg = Release|Any CPU
		{B0ACE1FE-9F5B-4956-AECF-579869EC4A31}.Release|Any CPU.Build.0 = Release|Any CPU
		{D39A395A-07BD-4032-B139-4128E5ACF50E}.Debug|Any CPU.ActiveCfg = Debug|Any CPU
		{D39A395A-07BD-4032-B139-4128E5ACF50E}.Debug|Any CPU.Build.0 = Debug|Any CPU
		{D39A395A-07BD-4032-B139-4128E5ACF50E}.Release|Any CPU.ActiveCfg = Release|Any CPU
		{D39A395A-07BD-4032-B139-4128E5ACF50E}.Release|Any CPU.Build.0 = Release|Any CPU
		{081A0ABA-BF3D-4DF8-ABA8-982E15C969A1}.Debug|Any CPU.ActiveCfg = Debug|Any CPU
		{081A0ABA-BF3D-4DF8-ABA8-982E15C969A1}.Debug|Any CPU.Build.0 = Debug|Any CPU
		{081A0ABA-BF3D-4DF8-ABA8-982E15C969A1}.Release|Any CPU.ActiveCfg = Release|Any CPU
		{081A0ABA-BF3D-4DF8-ABA8-982E15C969A1}.Release|Any CPU.Build.0 = Release|Any CPU
	EndGlobalSection
	GlobalSection(SolutionProperties) = preSolution
		HideSolutionNode = FALSE
	EndGlobalSection
	GlobalSection(ExtensibilityGlobals) = postSolution
		SolutionGuid = {41FEB067-A856-4616-B984-0136CF97BDB7}
	EndGlobalSection
EndGlobal
